
Microsoft Visual Studio Solution File, Format Version 12.00
# Visual Studio 15
VisualStudioVersion = 15.0.27703.2042
MinimumVisualStudioVersion = 10.0.40219.1
Project("{FAE04EC0-301F-11D3-BF4B-00C04F79EFBC}") = "ChatApiTryOne", "ChatApiTryOne\ChatApiTryOne.csproj", "{5E451416-A191-4A42-9123-884B8321BEFC}"
EndProject
Global
	GlobalSection(SolutionConfigurationPlatforms) = preSolution
		Debug|Any CPU = Debug|Any CPU
		Release|Any CPU = Release|Any CPU
	EndGlobalSection
	GlobalSection(ProjectConfigurationPlatforms) = postSolution
		{5E451416-A191-4A42-9123-884B8321BEFC}.Debug|Any CPU.ActiveCfg = Debug|Any CPU
		{5E451416-A191-4A42-9123-884B8321BEFC}.Debug|Any CPU.Build.0 = Debug|Any CPU
		{5E451416-A191-4A42-9123-884B8321BEFC}.Release|Any CPU.ActiveCfg = Release|Any CPU
		{5E451416-A191-4A42-9123-884B8321BEFC}.Release|Any CPU.Build.0 = Release|Any CPU
	EndGlobalSection
	GlobalSection(SolutionProperties) = preSolution
		HideSolutionNode = FALSE
	EndGlobalSection
	GlobalSection(ExtensibilityGlobals) = postSolution
		SolutionGuid = {3AA07C51-2C57-4510-853D-1E8FEC78AA36}
	EndGlobalSection
EndGlobal
