
Microsoft Visual Studio Solution File, Format Version 12.00
# Visual Studio 15
VisualStudioVersion = 15.0.27703.2042
MinimumVisualStudioVersion = 10.0.40219.1
Project("{9A19103F-16F7-4668-BE54-9A1E7A4F7556}") = "tryingWithAngularChat", "tryingWithAngularChat\tryingWithAngularChat.csproj", "{EAB08A48-5F19-4D3E-957A-23A83FFB3571}"
EndProject
Project("{FAE04EC0-301F-11D3-BF4B-00C04F79EFBC}") = "XUnitTesttryingWithAngularChat", "XUnitTesttryingWithAngularChat\XUnitTesttryingWithAngularChat.csproj", "{C6094841-48A2-48CD-AD21-33F5CA922D18}"
EndProject
Global
	GlobalSection(SolutionConfigurationPlatforms) = preSolution
		Debug|Any CPU = Debug|Any CPU
		Release|Any CPU = Release|Any CPU
	EndGlobalSection
	GlobalSection(ProjectConfigurationPlatforms) = postSolution
		{EAB08A48-5F19-4D3E-957A-23A83FFB3571}.Debug|Any CPU.ActiveCfg = Debug|Any CPU
		{EAB08A48-5F19-4D3E-957A-23A83FFB3571}.Debug|Any CPU.Build.0 = Debug|Any CPU
		{EAB08A48-5F19-4D3E-957A-23A83FFB3571}.Release|Any CPU.ActiveCfg = Release|Any CPU
		{EAB08A48-5F19-4D3E-957A-23A83FFB3571}.Release|Any CPU.Build.0 = Release|Any CPU
		{C6094841-48A2-48CD-AD21-33F5CA922D18}.Debug|Any CPU.ActiveCfg = Debug|Any CPU
		{C6094841-48A2-48CD-AD21-33F5CA922D18}.Debug|Any CPU.Build.0 = Debug|Any CPU
		{C6094841-48A2-48CD-AD21-33F5CA922D18}.Release|Any CPU.ActiveCfg = Release|Any CPU
		{C6094841-48A2-48CD-AD21-33F5CA922D18}.Release|Any CPU.Build.0 = Release|Any CPU
	EndGlobalSection
	GlobalSection(SolutionProperties) = preSolution
		HideSolutionNode = FALSE
	EndGlobalSection
	GlobalSection(ExtensibilityGlobals) = postSolution
		SolutionGuid = {4F5BCD96-AA60-42F1-B904-C5001A41399F}
	EndGlobalSection
EndGlobal
